
Microsoft Visual Studio Solution File, Format Version 12.00
Project("{FAE04EC0-301F-11D3-BF4B-00C04F79EFBC}") = "LB4", "LB4\LB4.csproj", "{FB2F9D98-D1B1-479E-AA0F-9A811F344553}"
EndProject
Global
	GlobalSection(SolutionConfigurationPlatforms) = preSolution
		Debug|Any CPU = Debug|Any CPU
		Release|Any CPU = Release|Any CPU
	EndGlobalSection
	GlobalSection(ProjectConfigurationPlatforms) = postSolution
		{FB2F9D98-D1B1-479E-AA0F-9A811F344553}.Debug|Any CPU.ActiveCfg = Debug|Any CPU
		{FB2F9D98-D1B1-479E-AA0F-9A811F344553}.Debug|Any CPU.Build.0 = Debug|Any CPU
		{FB2F9D98-D1B1-479E-AA0F-9A811F344553}.Release|Any CPU.ActiveCfg = Release|Any CPU
		{FB2F9D98-D1B1-479E-AA0F-9A811F344553}.Release|Any CPU.Build.0 = Release|Any CPU
	EndGlobalSection
EndGlobal
