
Microsoft Visual Studio Solution File, Format Version 12.00
Project("{FAE04EC0-301F-11D3-BF4B-00C04F79EFBC}") = "Task2", "Task2\Task2.csproj", "{C08D4160-E937-4D60-A93B-76D0F0F70357}"
EndProject
Global
	GlobalSection(SolutionConfigurationPlatforms) = preSolution
		Debug|Any CPU = Debug|Any CPU
		Release|Any CPU = Release|Any CPU
	EndGlobalSection
	GlobalSection(ProjectConfigurationPlatforms) = postSolution
		{C08D4160-E937-4D60-A93B-76D0F0F70357}.Debug|Any CPU.ActiveCfg = Debug|Any CPU
		{C08D4160-E937-4D60-A93B-76D0F0F70357}.Debug|Any CPU.Build.0 = Debug|Any CPU
		{C08D4160-E937-4D60-A93B-76D0F0F70357}.Release|Any CPU.ActiveCfg = Release|Any CPU
		{C08D4160-E937-4D60-A93B-76D0F0F70357}.Release|Any CPU.Build.0 = Release|Any CPU
	EndGlobalSection
EndGlobal
